// !$*UTF8*$!
{
	archiveVersion = 1;
	classes = {
	};
	objectVersion = 48;
	objects = {

/* Begin PBXBuildFile section */
		650CD5662070344500078BED /* OpenCVWrapper.mm in Sources */ = {isa = PBXBuildFile; fileRef = 650CD5652070344500078BED /* OpenCVWrapper.mm */; };
		650CD56E20703F0600078BED /* ios_conversions.mm in Sources */ = {isa = PBXBuildFile; fileRef = 650CD56D20703F0600078BED /* ios_conversions.mm */; };
		6590C850206FEF5B00F5006B /* AppDelegate.swift in Sources */ = {isa = PBXBuildFile; fileRef = 6590C84F206FEF5B00F5006B /* AppDelegate.swift */; };
		6590C852206FEF5B00F5006B /* ViewController.swift in Sources */ = {isa = PBXBuildFile; fileRef = 6590C851206FEF5B00F5006B /* ViewController.swift */; };
		6590C855206FEF5B00F5006B /* Main.storyboard in Resources */ = {isa = PBXBuildFile; fileRef = 6590C853206FEF5B00F5006B /* Main.storyboard */; };
		6590C857206FEF5B00F5006B /* Assets.xcassets in Resources */ = {isa = PBXBuildFile; fileRef = 6590C856206FEF5B00F5006B /* Assets.xcassets */; };
		6590C85A206FEF5B00F5006B /* LaunchScreen.storyboard in Resources */ = {isa = PBXBuildFile; fileRef = 6590C858206FEF5B00F5006B /* LaunchScreen.storyboard */; };
		6590C862206FF0FB00F5006B /* FrameExtractor.swift in Sources */ = {isa = PBXBuildFile; fileRef = 6590C861206FF0FB00F5006B /* FrameExtractor.swift */; };
		65A7A32A207022100014D8E1 /* FPSCounter.swift in Sources */ = {isa = PBXBuildFile; fileRef = 65A7A329207022100014D8E1 /* FPSCounter.swift */; };
		C86455FCD8192EC1B094A10F /* Pods_FrameExtraction.framework in Frameworks */ = {isa = PBXBuildFile; fileRef = C7E8DB3D3E00F16CC83C1F48 /* Pods_FrameExtraction.framework */; };
/* End PBXBuildFile section */

/* Begin PBXFileReference section */
		650CD5632070344400078BED /* FrameExtraction-Bridging-Header.h */ = {isa = PBXFileReference; lastKnownFileType = sourcecode.c.h; path = "FrameExtraction-Bridging-Header.h"; sourceTree = "<group>"; };
		650CD5642070344500078BED /* OpenCVWrapper.h */ = {isa = PBXFileReference; lastKnownFileType = sourcecode.c.h; path = OpenCVWrapper.h; sourceTree = "<group>"; };
		650CD5652070344500078BED /* OpenCVWrapper.mm */ = {isa = PBXFileReference; lastKnownFileType = sourcecode.cpp.objcpp; path = OpenCVWrapper.mm; sourceTree = "<group>"; };
		650CD56820703DFD00078BED /* opencv2.framework */ = {isa = PBXFileReference; explicitFileType = wrapper.framework; path = opencv2.framework; sourceTree = BUILT_PRODUCTS_DIR; };
		650CD56920703E0F00078BED /* AudioToolbox.framework */ = {isa = PBXFileReference; lastKnownFileType = wrapper.framework; name = AudioToolbox.framework; path = System/Library/Frameworks/AudioToolbox.framework; sourceTree = SDKROOT; };
		650CD56B20703E2700078BED /* libstdc++.6.0.9.tbd */ = {isa = PBXFileReference; lastKnownFileType = "sourcecode.text-based-dylib-definition"; name = "libstdc++.6.0.9.tbd"; path = "usr/lib/libstdc++.6.0.9.tbd"; sourceTree = SDKROOT; };
		650CD56D20703F0600078BED /* ios_conversions.mm */ = {isa = PBXFileReference; lastKnownFileType = sourcecode.cpp.objcpp; path = ios_conversions.mm; sourceTree = "<group>"; };
		6590C84C206FEF5B00F5006B /* FrameExtraction.app */ = {isa = PBXFileReference; explicitFileType = wrapper.application; includeInIndex = 0; path = FrameExtraction.app; sourceTree = BUILT_PRODUCTS_DIR; };
		6590C84F206FEF5B00F5006B /* AppDelegate.swift */ = {isa = PBXFileReference; lastKnownFileType = sourcecode.swift; path = AppDelegate.swift; sourceTree = "<group>"; };
		6590C851206FEF5B00F5006B /* ViewController.swift */ = {isa = PBXFileReference; lastKnownFileType = sourcecode.swift; path = ViewController.swift; sourceTree = "<group>"; };
		6590C854206FEF5B00F5006B /* Base */ = {isa = PBXFileReference; lastKnownFileType = file.storyboard; name = Base; path = Base.lproj/Main.storyboard; sourceTree = "<group>"; };
		6590C856206FEF5B00F5006B /* Assets.xcassets */ = {isa = PBXFileReference; lastKnownFileType = folder.assetcatalog; path = Assets.xcassets; sourceTree = "<group>"; };
		6590C859206FEF5B00F5006B /* Base */ = {isa = PBXFileReference; lastKnownFileType = file.storyboard; name = Base; path = Base.lproj/LaunchScreen.storyboard; sourceTree = "<group>"; };
		6590C85B206FEF5B00F5006B /* Info.plist */ = {isa = PBXFileReference; lastKnownFileType = text.plist.xml; path = Info.plist; sourceTree = "<group>"; };
		6590C861206FF0FB00F5006B /* FrameExtractor.swift */ = {isa = PBXFileReference; lastKnownFileType = sourcecode.swift; path = FrameExtractor.swift; sourceTree = "<group>"; };
		65A7A329207022100014D8E1 /* FPSCounter.swift */ = {isa = PBXFileReference; lastKnownFileType = sourcecode.swift; path = FPSCounter.swift; sourceTree = "<group>"; };
		79A16F5903AC4E03C5AF3E3D /* Pods-FrameExtraction.debug.xcconfig */ = {isa = PBXFileReference; includeInIndex = 1; lastKnownFileType = text.xcconfig; name = "Pods-FrameExtraction.debug.xcconfig"; path = "Pods/Target Support Files/Pods-FrameExtraction/Pods-FrameExtraction.debug.xcconfig"; sourceTree = "<group>"; };
		C1AC106BE80CEC0DDD5ADC1B /* Pods-FrameExtraction.release.xcconfig */ = {isa = PBXFileReference; includeInIndex = 1; lastKnownFileType = text.xcconfig; name = "Pods-FrameExtraction.release.xcconfig"; path = "Pods/Target Support Files/Pods-FrameExtraction/Pods-FrameExtraction.release.xcconfig"; sourceTree = "<group>"; };
		C7E8DB3D3E00F16CC83C1F48 /* Pods_FrameExtraction.framework */ = {isa = PBXFileReference; explicitFileType = wrapper.framework; includeInIndex = 0; path = Pods_FrameExtraction.framework; sourceTree = BUILT_PRODUCTS_DIR; };
/* End PBXFileReference section */

/* Begin PBXFrameworksBuildPhase section */
		6590C849206FEF5B00F5006B /* Frameworks */ = {
			isa = PBXFrameworksBuildPhase;
			buildActionMask = 2147483647;
			files = (
				C86455FCD8192EC1B094A10F /* Pods_FrameExtraction.framework in Frameworks */,
			);
			runOnlyForDeploymentPostprocessing = 0;
		};
/* End PBXFrameworksBuildPhase section */

/* Begin PBXGroup section */
		1B4F34AAC6154AD05751E323 /* Frameworks */ = {
			isa = PBXGroup;
			children = (
				650CD56B20703E2700078BED /* libstdc++.6.0.9.tbd */,
				650CD56920703E0F00078BED /* AudioToolbox.framework */,
				650CD56820703DFD00078BED /* opencv2.framework */,
				C7E8DB3D3E00F16CC83C1F48 /* Pods_FrameExtraction.framework */,
			);
			name = Frameworks;
			sourceTree = "<group>";
		};
		650CD5622070341C00078BED /* Wrappers */ = {
			isa = PBXGroup;
			children = (
				650CD5642070344500078BED /* OpenCVWrapper.h */,
				650CD5652070344500078BED /* OpenCVWrapper.mm */,
				650CD5632070344400078BED /* FrameExtraction-Bridging-Header.h */,
				650CD56D20703F0600078BED /* ios_conversions.mm */,
			);
			path = Wrappers;
			sourceTree = "<group>";
		};
		6590C843206FEF5B00F5006B = {
			isa = PBXGroup;
			children = (
				6590C84E206FEF5B00F5006B /* FrameExtraction */,
				6590C84D206FEF5B00F5006B /* Products */,
				BD76438A90A1ECE35A46C24A /* Pods */,
				1B4F34AAC6154AD05751E323 /* Frameworks */,
			);
			sourceTree = "<group>";
		};
		6590C84D206FEF5B00F5006B /* Products */ = {
			isa = PBXGroup;
			children = (
				6590C84C206FEF5B00F5006B /* FrameExtraction.app */,
			);
			name = Products;
			sourceTree = "<group>";
		};
		6590C84E206FEF5B00F5006B /* FrameExtraction */ = {
			isa = PBXGroup;
			children = (
				650CD5622070341C00078BED /* Wrappers */,
				6590C84F206FEF5B00F5006B /* AppDelegate.swift */,
				6590C851206FEF5B00F5006B /* ViewController.swift */,
				6590C853206FEF5B00F5006B /* Main.storyboard */,
				6590C856206FEF5B00F5006B /* Assets.xcassets */,
				6590C858206FEF5B00F5006B /* LaunchScreen.storyboard */,
				6590C85B206FEF5B00F5006B /* Info.plist */,
				6590C861206FF0FB00F5006B /* FrameExtractor.swift */,
				65A7A329207022100014D8E1 /* FPSCounter.swift */,
			);
			path = FrameExtraction;
			sourceTree = "<group>";
		};
		BD76438A90A1ECE35A46C24A /* Pods */ = {
			isa = PBXGroup;
			children = (
				79A16F5903AC4E03C5AF3E3D /* Pods-FrameExtraction.debug.xcconfig */,
				C1AC106BE80CEC0DDD5ADC1B /* Pods-FrameExtraction.release.xcconfig */,
			);
			name = Pods;
			sourceTree = "<group>";
		};
/* End PBXGroup section */

/* Begin PBXNativeTarget section */
		6590C84B206FEF5B00F5006B /* FrameExtraction */ = {
			isa = PBXNativeTarget;
			buildConfigurationList = 6590C85E206FEF5B00F5006B /* Build configuration list for PBXNativeTarget "FrameExtraction" */;
			buildPhases = (
				EF97D35057FEBFC02090E455 /* [CP] Check Pods Manifest.lock */,
				6590C848206FEF5B00F5006B /* Sources */,
				6590C849206FEF5B00F5006B /* Frameworks */,
				6590C84A206FEF5B00F5006B /* Resources */,
				6CE1E3F04D32A8455D8FE935 /* [CP] Embed Pods Frameworks */,
				82A78B49C11830404CA7DB1A /* [CP] Copy Pods Resources */,
			);
			buildRules = (
			);
			dependencies = (
			);
			name = FrameExtraction;
			productName = FrameExtraction;
			productReference = 6590C84C206FEF5B00F5006B /* FrameExtraction.app */;
			productType = "com.apple.product-type.application";
		};
/* End PBXNativeTarget section */

/* Begin PBXProject section */
		6590C844206FEF5B00F5006B /* Project object */ = {
			isa = PBXProject;
			attributes = {
				LastSwiftUpdateCheck = 0920;
				LastUpgradeCheck = 0920;
				ORGANIZATIONNAME = Wanderlusk;
				TargetAttributes = {
					6590C84B206FEF5B00F5006B = {
						CreatedOnToolsVersion = 9.2;
						LastSwiftMigration = 0920;
						ProvisioningStyle = Automatic;
					};
				};
			};
			buildConfigurationList = 6590C847206FEF5B00F5006B /* Build configuration list for PBXProject "FrameExtraction" */;
			compatibilityVersion = "Xcode 8.0";
			developmentRegion = en;
			hasScannedForEncodings = 0;
			knownRegions = (
				en,
				Base,
			);
			mainGroup = 6590C843206FEF5B00F5006B;
			productRefGroup = 6590C84D206FEF5B00F5006B /* Products */;
			projectDirPath = "";
			projectRoot = "";
			targets = (
				6590C84B206FEF5B00F5006B /* FrameExtraction */,
			);
		};
/* End PBXProject section */

/* Begin PBXResourcesBuildPhase section */
		6590C84A206FEF5B00F5006B /* Resources */ = {
			isa = PBXResourcesBuildPhase;
			buildActionMask = 2147483647;
			files = (
				6590C85A206FEF5B00F5006B /* LaunchScreen.storyboard in Resources */,
				6590C857206FEF5B00F5006B /* Assets.xcassets in Resources */,
				6590C855206FEF5B00F5006B /* Main.storyboard in Resources */,
			);
			runOnlyForDeploymentPostprocessing = 0;
		};
/* End PBXResourcesBuildPhase section */

/* Begin PBXShellScriptBuildPhase section */
		6CE1E3F04D32A8455D8FE935 /* [CP] Embed Pods Frameworks */ = {
			isa = PBXShellScriptBuildPhase;
			buildActionMask = 2147483647;
			files = (
			);
			inputPaths = (
				"${SRCROOT}/Pods/Target Support Files/Pods-FrameExtraction/Pods-FrameExtraction-frameworks.sh",
				"${BUILT_PRODUCTS_DIR}/OpenCV/opencv2.framework",
			);
			name = "[CP] Embed Pods Frameworks";
			outputPaths = (
				"${TARGET_BUILD_DIR}/${FRAMEWORKS_FOLDER_PATH}/opencv2.framework",
			);
			runOnlyForDeploymentPostprocessing = 0;
			shellPath = /bin/sh;
			shellScript = "\"${SRCROOT}/Pods/Target Support Files/Pods-FrameExtraction/Pods-FrameExtraction-frameworks.sh\"\n";
			showEnvVarsInLog = 0;
		};
		82A78B49C11830404CA7DB1A /* [CP] Copy Pods Resources */ = {
			isa = PBXShellScriptBuildPhase;
			buildActionMask = 2147483647;
			files = (
			);
			inputPaths = (
			);
			name = "[CP] Copy Pods Resources";
			outputPaths = (
			);
			runOnlyForDeploymentPostprocessing = 0;
			shellPath = /bin/sh;
			shellScript = "\"${SRCROOT}/Pods/Target Support Files/Pods-FrameExtraction/Pods-FrameExtraction-resources.sh\"\n";
			showEnvVarsInLog = 0;
		};
		EF97D35057FEBFC02090E455 /* [CP] Check Pods Manifest.lock */ = {
			isa = PBXShellScriptBuildPhase;
			buildActionMask = 2147483647;
			files = (
			);
			inputPaths = (
				"${PODS_PODFILE_DIR_PATH}/Podfile.lock",
				"${PODS_ROOT}/Manifest.lock",
			);
			name = "[CP] Check Pods Manifest.lock";
			outputPaths = (
				"$(DERIVED_FILE_DIR)/Pods-FrameExtraction-checkManifestLockResult.txt",
			);
			runOnlyForDeploymentPostprocessing = 0;
			shellPath = /bin/sh;
			shellScript = "diff \"${PODS_PODFILE_DIR_PATH}/Podfile.lock\" \"${PODS_ROOT}/Manifest.lock\" > /dev/null\nif [ $? != 0 ] ; then\n    # print error to STDERR\n    echo \"error: The sandbox is not in sync with the Podfile.lock. Run 'pod install' or update your CocoaPods installation.\" >&2\n    exit 1\nfi\n# This output is used by Xcode 'outputs' to avoid re-running this script phase.\necho \"SUCCESS\" > \"${SCRIPT_OUTPUT_FILE_0}\"\n";
			showEnvVarsInLog = 0;
		};
/* End PBXShellScriptBuildPhase section */

/* Begin PBXSourcesBuildPhase section */
		6590C848206FEF5B00F5006B /* Sources */ = {
			isa = PBXSourcesBuildPhase;
			buildActionMask = 2147483647;
			files = (
				65A7A32A207022100014D8E1 /* FPSCounter.swift in Sources */,
				650CD5662070344500078BED /* OpenCVWrapper.mm in Sources */,
				6590C862206FF0FB00F5006B /* FrameExtractor.swift in Sources */,
				650CD56E20703F0600078BED /* ios_conversions.mm in Sources */,
				6590C852206FEF5B00F5006B /* ViewController.swift in Sources */,
				6590C850206FEF5B00F5006B /* AppDelegate.swift in Sources */,
			);
			runOnlyForDeploymentPostprocessing = 0;
		};
/* End PBXSourcesBuildPhase section */

/* Begin PBXVariantGroup section */
		6590C853206FEF5B00F5006B /* Main.storyboard */ = {
			isa = PBXVariantGroup;
			children = (
				6590C854206FEF5B00F5006B /* Base */,
			);
			name = Main.storyboard;
			sourceTree = "<group>";
		};
		6590C858206FEF5B00F5006B /* LaunchScreen.storyboard */ = {
			isa = PBXVariantGroup;
			children = (
				6590C859206FEF5B00F5006B /* Base */,
			);
			name = LaunchScreen.storyboard;
			sourceTree = "<group>";
		};
/* End PBXVariantGroup section */

/* Begin XCBuildConfiguration section */
		6590C85C206FEF5B00F5006B /* Debug */ = {
			isa = XCBuildConfiguration;
			buildSettings = {
				ALWAYS_SEARCH_USER_PATHS = NO;
				CLANG_ANALYZER_NONNULL = YES;
				CLANG_ANALYZER_NUMBER_OBJECT_CONVERSION = YES_AGGRESSIVE;
				CLANG_CXX_LANGUAGE_STANDARD = "gnu++14";
				CLANG_CXX_LIBRARY = "libc++";
				CLANG_ENABLE_MODULES = YES;
				CLANG_ENABLE_OBJC_ARC = YES;
				CLANG_WARN_BLOCK_CAPTURE_AUTORELEASING = YES;
				CLANG_WARN_BOOL_CONVERSION = YES;
				CLANG_WARN_COMMA = YES;
				CLANG_WARN_CONSTANT_CONVERSION = YES;
				CLANG_WARN_DIRECT_OBJC_ISA_USAGE = YES_ERROR;
				CLANG_WARN_DOCUMENTATION_COMMENTS = YES;
				CLANG_WARN_EMPTY_BODY = YES;
				CLANG_WARN_ENUM_CONVERSION = YES;
				CLANG_WARN_INFINITE_RECURSION = YES;
				CLANG_WARN_INT_CONVERSION = YES;
				CLANG_WARN_NON_LITERAL_NULL_CONVERSION = YES;
				CLANG_WARN_OBJC_LITERAL_CONVERSION = YES;
				CLANG_WARN_OBJC_ROOT_CLASS = YES_ERROR;
				CLANG_WARN_RANGE_LOOP_ANALYSIS = YES;
				CLANG_WARN_STRICT_PROTOTYPES = YES;
				CLANG_WARN_SUSPICIOUS_MOVE = YES;
				CLANG_WARN_UNGUARDED_AVAILABILITY = YES_AGGRESSIVE;
				CLANG_WARN_UNREACHABLE_CODE = YES;
				CLANG_WARN__DUPLICATE_METHOD_MATCH = YES;
				CODE_SIGN_IDENTITY = "iPhone Developer";
				COPY_PHASE_STRIP = NO;
				DEBUG_INFORMATION_FORMAT = dwarf;
				ENABLE_STRICT_OBJC_MSGSEND = YES;
				ENABLE_TESTABILITY = YES;
				GCC_C_LANGUAGE_STANDARD = gnu11;
				GCC_DYNAMIC_NO_PIC = NO;
				GCC_NO_COMMON_BLOCKS = YES;
				GCC_OPTIMIZATION_LEVEL = 0;
				GCC_PREPROCESSOR_DEFINITIONS = (
					"DEBUG=1",
					"$(inherited)",
				);
				GCC_WARN_64_TO_32_BIT_CONVERSION = YES;
				GCC_WARN_ABOUT_RETURN_TYPE = YES_ERROR;
				GCC_WARN_UNDECLARED_SELECTOR = YES;
				GCC_WARN_UNINITIALIZED_AUTOS = YES_AGGRESSIVE;
				GCC_WARN_UNUSED_FUNCTION = YES;
				GCC_WARN_UNUSED_VARIABLE = YES;
				IPHONEOS_DEPLOYMENT_TARGET = 11.2;
				MTL_ENABLE_DEBUG_INFO = YES;
				ONLY_ACTIVE_ARCH = YES;
				SDKROOT = iphoneos;
				SWIFT_ACTIVE_COMPILATION_CONDITIONS = DEBUG;
				SWIFT_OPTIMIZATION_LEVEL = "-Onone";
			};
			name = Debug;
		};
		6590C85D206FEF5B00F5006B /* Release */ = {
			isa = XCBuildConfiguration;
			buildSettings = {
				ALWAYS_SEARCH_USER_PATHS = NO;
				CLANG_ANALYZER_NONNULL = YES;
				CLANG_ANALYZER_NUMBER_OBJECT_CONVERSION = YES_AGGRESSIVE;
				CLANG_CXX_LANGUAGE_STANDARD = "gnu++14";
				CLANG_CXX_LIBRARY = "libc++";
				CLANG_ENABLE_MODULES = YES;
				CLANG_ENABLE_OBJC_ARC = YES;
				CLANG_WARN_BLOCK_CAPTURE_AUTORELEASING = YES;
				CLANG_WARN_BOOL_CONVERSION = YES;
				CLANG_WARN_COMMA = YES;
				CLANG_WARN_CONSTANT_CONVERSION = YES;
				CLANG_WARN_DIRECT_OBJC_ISA_USAGE = YES_ERROR;
				CLANG_WARN_DOCUMENTATION_COMMENTS = YES;
				CLANG_WARN_EMPTY_BODY = YES;
				CLANG_WARN_ENUM_CONVERSION = YES;
				CLANG_WARN_INFINITE_RECURSION = YES;
				CLANG_WARN_INT_CONVERSION = YES;
				CLANG_WARN_NON_LITERAL_NULL_CONVERSION = YES;
				CLANG_WARN_OBJC_LITERAL_CONVERSION = YES;
				CLANG_WARN_OBJC_ROOT_CLASS = YES_ERROR;
				CLANG_WARN_RANGE_LOOP_ANALYSIS = YES;
				CLANG_WARN_STRICT_PROTOTYPES = YES;
				CLANG_WARN_SUSPICIOUS_MOVE = YES;
				CLANG_WARN_UNGUARDED_AVAILABILITY = YES_AGGRESSIVE;
				CLANG_WARN_UNREACHABLE_CODE = YES;
				CLANG_WARN__DUPLICATE_METHOD_MATCH = YES;
				CODE_SIGN_IDENTITY = "iPhone Developer";
				COPY_PHASE_STRIP = NO;
				DEBUG_INFORMATION_FORMAT = "dwarf-with-dsym";
				ENABLE_NS_ASSERTIONS = NO;
				ENABLE_STRICT_OBJC_MSGSEND = YES;
				GCC_C_LANGUAGE_STANDARD = gnu11;
				GCC_NO_COMMON_BLOCKS = YES;
				GCC_WARN_64_TO_32_BIT_CONVERSION = YES;
				GCC_WARN_ABOUT_RETURN_TYPE = YES_ERROR;
				GCC_WARN_UNDECLARED_SELECTOR = YES;
				GCC_WARN_UNINITIALIZED_AUTOS = YES_AGGRESSIVE;
				GCC_WARN_UNUSED_FUNCTION = YES;
				GCC_WARN_UNUSED_VARIABLE = YES;
				IPHONEOS_DEPLOYMENT_TARGET = 11.2;
				MTL_ENABLE_DEBUG_INFO = NO;
				SDKROOT = iphoneos;
				SWIFT_OPTIMIZATION_LEVEL = "-Owholemodule";
				VALIDATE_PRODUCT = YES;
			};
			name = Release;
		};
		6590C85F206FEF5B00F5006B /* Debug */ = {
			isa = XCBuildConfiguration;
			baseConfigurationReference = 79A16F5903AC4E03C5AF3E3D /* Pods-FrameExtraction.debug.xcconfig */;
			buildSettings = {
				ASSETCATALOG_COMPILER_APPICON_NAME = AppIcon;
				CLANG_ENABLE_MODULES = YES;
				CODE_SIGN_STYLE = Automatic;
				DEVELOPMENT_TEAM = P84SM4WGSD;
				INFOPLIST_FILE = FrameExtraction/Info.plist;
				IPHONEOS_DEPLOYMENT_TARGET = 11.2;
				LD_RUNPATH_SEARCH_PATHS = "$(inherited) @executable_path/Frameworks";
				PRODUCT_BUNDLE_IDENTIFIER = com.wanderlusk.FrameExtraction;
				PRODUCT_NAME = "$(TARGET_NAME)";
				SWIFT_OBJC_BRIDGING_HEADER = "FrameExtraction/Wrappers/FrameExtraction-Bridging-Header.h";
				SWIFT_OPTIMIZATION_LEVEL = "-Onone";
				SWIFT_VERSION = 4.0;
				TARGETED_DEVICE_FAMILY = "1,2";
			};
			name = Debug;
		};
		6590C860206FEF5B00F5006B /* Release */ = {
			isa = XCBuildConfiguration;
			baseConfigurationReference = C1AC106BE80CEC0DDD5ADC1B /* Pods-FrameExtraction.release.xcconfig */;
			buildSettings = {
				ASSETCATALOG_COMPILER_APPICON_NAME = AppIcon;
				CLANG_ENABLE_MODULES = YES;
				CODE_SIGN_STYLE = Automatic;
				DEVELOPMENT_TEAM = P84SM4WGSD;
				INFOPLIST_FILE = FrameExtraction/Info.plist;
				IPHONEOS_DEPLOYMENT_TARGET = 11.2;
				LD_RUNPATH_SEARCH_PATHS = "$(inherited) @executable_path/Frameworks";
				PRODUCT_BUNDLE_IDENTIFIER = com.wanderlusk.FrameExtraction;
				PRODUCT_NAME = "$(TARGET_NAME)";
				SWIFT_OBJC_BRIDGING_HEADER = "FrameExtraction/Wrappers/FrameExtraction-Bridging-Header.h";
				SWIFT_VERSION = 4.0;
				TARGETED_DEVICE_FAMILY = "1,2";
			};
			name = Release;
		};
/* End XCBuildConfiguration section */

/* Begin XCConfigurationList section */
		6590C847206FEF5B00F5006B /* Build configuration list for PBXProject "FrameExtraction" */ = {
			isa = XCConfigurationList;
			buildConfigurations = (
				6590C85C206FEF5B00F5006B /* Debug */,
				6590C85D206FEF5B00F5006B /* Release */,
			);
			defaultConfigurationIsVisible = 0;
			defaultConfigurationName = Release;
		};
		6590C85E206FEF5B00F5006B /* Build configuration list for PBXNativeTarget "FrameExtraction" */ = {
			isa = XCConfigurationList;
			buildConfigurations = (
				6590C85F206FEF5B00F5006B /* Debug */,
				6590C860206FEF5B00F5006B /* Release */,
			);
			defaultConfigurationIsVisible = 0;
			defaultConfigurationName = Release;
		};
/* End XCConfigurationList section */
	};
	rootObject = 6590C844206FEF5B00F5006B /* Project object */;
}
